
Microsoft Visual Studio Solution File, Format Version 12.00
# Visual Studio Version 16
VisualStudioVersion = 16.0.31410.357
MinimumVisualStudioVersion = 10.0.40219.1
Project("{FAE04EC0-301F-11D3-BF4B-00C04F79EFBC}") = "KitchenTimer", "KitchenTimer.csproj", "{A30A7FCC-21C2-4402-B13F-AB6292A6E2D6}"
EndProject
Global
	GlobalSection(SolutionConfigurationPlatforms) = preSolution
		Debug|Any CPU = Debug|Any CPU
		Release|Any CPU = Release|Any CPU
	EndGlobalSection
	GlobalSection(ProjectConfigurationPlatforms) = postSolution
		{A30A7FCC-21C2-4402-B13F-AB6292A6E2D6}.Debug|Any CPU.ActiveCfg = Debug|Any CPU
		{A30A7FCC-21C2-4402-B13F-AB6292A6E2D6}.Debug|Any CPU.Build.0 = Debug|Any CPU
		{A30A7FCC-21C2-4402-B13F-AB6292A6E2D6}.Release|Any CPU.ActiveCfg = Release|Any CPU
		{A30A7FCC-21C2-4402-B13F-AB6292A6E2D6}.Release|Any CPU.Build.0 = Release|Any CPU
	EndGlobalSection
	GlobalSection(SolutionProperties) = preSolution
		HideSolutionNode = FALSE
	EndGlobalSection
	GlobalSection(ExtensibilityGlobals) = postSolution
		SolutionGuid = {647C26ED-2190-405B-BA1B-646B67485C07}
	EndGlobalSection
EndGlobal
